
Microsoft Visual Studio Solution File, Format Version 12.00
# Visual Studio Version 17
VisualStudioVersion = 17.9.34622.214
MinimumVisualStudioVersion = 10.0.40219.1
Project("{54A90642-561A-4BB1-A94E-469ADEE60C69}") = "ClientLibrary", "ClientLibrary\ClientLibrary.esproj", "{937C7595-EA10-49CC-B7C7-ECA9B67E8033}"
EndProject
Project("{9A19103F-16F7-4668-BE54-9A1E7A4F7556}") = "ServerApp", "ServerApp\ServerApp.csproj", "{8851A7CE-5BEA-4D25-A944-7CF481CAAB82}"
EndProject
Global
	GlobalSection(SolutionConfigurationPlatforms) = preSolution
		Debug|Any CPU = Debug|Any CPU
		Release|Any CPU = Release|Any CPU
	EndGlobalSection
	GlobalSection(ProjectConfigurationPlatforms) = postSolution
		{937C7595-EA10-49CC-B7C7-ECA9B67E8033}.Debug|Any CPU.ActiveCfg = Debug|Any CPU
		{937C7595-EA10-49CC-B7C7-ECA9B67E8033}.Debug|Any CPU.Build.0 = Debug|Any CPU
		{937C7595-EA10-49CC-B7C7-ECA9B67E8033}.Debug|Any CPU.Deploy.0 = Debug|Any CPU
		{937C7595-EA10-49CC-B7C7-ECA9B67E8033}.Release|Any CPU.ActiveCfg = Release|Any CPU
		{937C7595-EA10-49CC-B7C7-ECA9B67E8033}.Release|Any CPU.Build.0 = Release|Any CPU
		{937C7595-EA10-49CC-B7C7-ECA9B67E8033}.Release|Any CPU.Deploy.0 = Release|Any CPU
		{8851A7CE-5BEA-4D25-A944-7CF481CAAB82}.Debug|Any CPU.ActiveCfg = Debug|Any CPU
		{8851A7CE-5BEA-4D25-A944-7CF481CAAB82}.Debug|Any CPU.Build.0 = Debug|Any CPU
		{8851A7CE-5BEA-4D25-A944-7CF481CAAB82}.Release|Any CPU.ActiveCfg = Release|Any CPU
		{8851A7CE-5BEA-4D25-A944-7CF481CAAB82}.Release|Any CPU.Build.0 = Release|Any CPU
	EndGlobalSection
	GlobalSection(SolutionProperties) = preSolution
		HideSolutionNode = FALSE
	EndGlobalSection
	GlobalSection(ExtensibilityGlobals) = postSolution
		SolutionGuid = {C9FBB738-4A9E-4A73-A23D-7124226A994B}
	EndGlobalSection
EndGlobal
